{
  "name": "humanize-js",
  "version": "0.0.0",
  "lockfileVersion": 1,
  "requires": true,
  "dependencies": {
    "typescript": {
      "version": "1.6.2",
      "resolved": "https://registry.npmjs.org/typescript/-/typescript-1.6.2.tgz",
      "integrity": "sha1-WyclSr6xEQJ8v5RQ00MbxYQxkd0="
    }
  }
}
